
Microsoft Visual Studio Solution File, Format Version 12.00
# Visual Studio 15
VisualStudioVersion = 15.0.28307.168
MinimumVisualStudioVersion = 10.0.40219.1
Project("{9A19103F-16F7-4668-BE54-9A1E7A4F7556}") = "CicekSepeti.Model", "CicekSepeti.Model\CicekSepeti.Model.csproj", "{EC6133A8-C05F-48D7-90EB-EBFE5134B84A}"
EndProject
Project("{9A19103F-16F7-4668-BE54-9A1E7A4F7556}") = "CicekSepeti.Data", "CicekSepeti.Data\CicekSepeti.Data.csproj", "{214FD328-E94F-4141-BF1C-8A2068A97D34}"
EndProject
Project("{9A19103F-16F7-4668-BE54-9A1E7A4F7556}") = "CicekSepeti.API", "CicekSepeti.API\CicekSepeti.API.csproj", "{5FC68A09-EF9D-47CB-B1CB-A559AB0D18F1}"
EndProject
Project("{9A19103F-16F7-4668-BE54-9A1E7A4F7556}") = "CicekSepeti.Business", "CicekSepeti.Business\CicekSepeti.Business.csproj", "{ED111B96-AB19-4EEE-9AB7-2CCBC2B8A8EF}"
EndProject
Project("{9A19103F-16F7-4668-BE54-9A1E7A4F7556}") = "Common", "Common\Common.csproj", "{5BA24E6B-AEA4-490D-BDA8-4A9F6B90E136}"
EndProject
Global
	GlobalSection(SolutionConfigurationPlatforms) = preSolution
		Debug|Any CPU = Debug|Any CPU
		Release|Any CPU = Release|Any CPU
	EndGlobalSection
	GlobalSection(ProjectConfigurationPlatforms) = postSolution
		{EC6133A8-C05F-48D7-90EB-EBFE5134B84A}.Debug|Any CPU.ActiveCfg = Debug|Any CPU
		{EC6133A8-C05F-48D7-90EB-EBFE5134B84A}.Debug|Any CPU.Build.0 = Debug|Any CPU
		{EC6133A8-C05F-48D7-90EB-EBFE5134B84A}.Release|Any CPU.ActiveCfg = Release|Any CPU
		{EC6133A8-C05F-48D7-90EB-EBFE5134B84A}.Release|Any CPU.Build.0 = Release|Any CPU
		{214FD328-E94F-4141-BF1C-8A2068A97D34}.Debug|Any CPU.ActiveCfg = Debug|Any CPU
		{214FD328-E94F-4141-BF1C-8A2068A97D34}.Debug|Any CPU.Build.0 = Debug|Any CPU
		{214FD328-E94F-4141-BF1C-8A2068A97D34}.Release|Any CPU.ActiveCfg = Release|Any CPU
		{214FD328-E94F-4141-BF1C-8A2068A97D34}.Release|Any CPU.Build.0 = Release|Any CPU
		{5FC68A09-EF9D-47CB-B1CB-A559AB0D18F1}.Debug|Any CPU.ActiveCfg = Debug|Any CPU
		{5FC68A09-EF9D-47CB-B1CB-A559AB0D18F1}.Debug|Any CPU.Build.0 = Debug|Any CPU
		{5FC68A09-EF9D-47CB-B1CB-A559AB0D18F1}.Release|Any CPU.ActiveCfg = Release|Any CPU
		{5FC68A09-EF9D-47CB-B1CB-A559AB0D18F1}.Release|Any CPU.Build.0 = Release|Any CPU
		{ED111B96-AB19-4EEE-9AB7-2CCBC2B8A8EF}.Debug|Any CPU.ActiveCfg = Debug|Any CPU
		{ED111B96-AB19-4EEE-9AB7-2CCBC2B8A8EF}.Debug|Any CPU.Build.0 = Debug|Any CPU
		{ED111B96-AB19-4EEE-9AB7-2CCBC2B8A8EF}.Release|Any CPU.ActiveCfg = Release|Any CPU
		{ED111B96-AB19-4EEE-9AB7-2CCBC2B8A8EF}.Release|Any CPU.Build.0 = Release|Any CPU
		{5BA24E6B-AEA4-490D-BDA8-4A9F6B90E136}.Debug|Any CPU.ActiveCfg = Debug|Any CPU
		{5BA24E6B-AEA4-490D-BDA8-4A9F6B90E136}.Debug|Any CPU.Build.0 = Debug|Any CPU
		{5BA24E6B-AEA4-490D-BDA8-4A9F6B90E136}.Release|Any CPU.ActiveCfg = Release|Any CPU
		{5BA24E6B-AEA4-490D-BDA8-4A9F6B90E136}.Release|Any CPU.Build.0 = Release|Any CPU
	EndGlobalSection
	GlobalSection(SolutionProperties) = preSolution
		HideSolutionNode = FALSE
	EndGlobalSection
	GlobalSection(ExtensibilityGlobals) = postSolution
		SolutionGuid = {9D5DE763-564C-4A1E-960C-EA843871E670}
	EndGlobalSection
EndGlobal
